{
  "name": "convert-devsmachna",
  "lockfileVersion": 3,
  "requires": true,
  "packages": {
    "": {
      "dependencies": {
        "convert-devsmachna": "^1.0.0"
      }
    },
    "node_modules/convert-devsmachna": {
      "version": "1.0.0",
      "resolved": "https://registry.npmjs.org/convert-devsmachna/-/convert-devsmachna-1.0.0.tgz",
      "integrity": "sha512-gnj83UppXEKs4OjRhCZ9eGqzvsKRARsFiGZW1Rbcz+4A77aFxmneholow8xXDkCJR9ovZ8X+MlXRb71zzEkrcQ=="
    }
  }
}
